PODS:
  - Branch (0.34.0)
  - Flutter (1.0.0)
  - flutter_branch_sdk (1.0.0):
    - Branch (~> 0.34.0)
    - Flutter

DEPENDENCIES:
  - Flutter (from `Flutter`)
  - flutter_branch_sdk (from `.symlinks/plugins/flutter_branch_sdk/ios`)

SPEC REPOS:
  trunk:
    - Branch

EXTERNAL SOURCES:
  Flutter:
    :path: Flutter
  flutter_branch_sdk:
    :path: ".symlinks/plugins/flutter_branch_sdk/ios"

SPEC CHECKSUMS:
  Branch: 446aeb832102f56f04edf5fa7cb0a752dc392ca7
  Flutter: 0e3d915762c693b495b44d77113d4970485de6ec
  flutter_branch_sdk: 073cd11eaf2a67d8fe4e8f1e04ad63827747cb86

PODFILE CHECKSUM: aafe91acc616949ddb318b77800a7f51bffa2a4c

COCOAPODS: 1.9.3
