{
  "originHash" : "5d76efac60f24ab19e3242c4ab5e2221c42909bca3cd8f4f737ce4a88473446e",
  "pins" : [
    {
      "identity" : "ios-branch-sdk-spm",
      "kind" : "remoteSourceControl",
      "location" : "https://github.com/BranchMetrics/ios-branch-sdk-spm",
      "state" : {
        "revision" : "e3b2b380f483ab16e072ad329c6e2c019a2e88c5",
        "version" : "3.10.0"
      }
    }
  ],
  "version" : 3
}
