{
  "pins" : [
    {
      "identity" : "ios-branch-sdk-spm",
      "kind" : "remoteSourceControl",
      "location" : "https://github.com/BranchMetrics/ios-branch-sdk-spm",
      "state" : {
        "revision" : "100a61ca220d3dbc2e568e6fb053139f678d0c93",
        "version" : "3.14.0"
      }
    }
  ],
  "version" : 2
}
