{
  "pins" : [
    {
      "identity" : "ios-branch-sdk-spm",
      "kind" : "remoteSourceControl",
      "location" : "https://github.com/BranchMetrics/ios-branch-sdk-spm",
      "state" : {
        "revision" : "ce2309db5326aedfe4df8ffbf256a5c1cd3d993f",
        "version" : "3.13.0"
      }
    }
  ],
  "version" : 2
}
