{
  "pins" : [
    {
      "identity" : "ios-branch-sdk-spm",
      "kind" : "remoteSourceControl",
      "location" : "https://github.com/BranchMetrics/ios-branch-sdk-spm",
      "state" : {
        "revision" : "fd0bfae15d92c662ccb5e217a6d52c34b8413710",
        "version" : "3.13.2"
      }
    }
  ],
  "version" : 2
}
