{
  "pins" : [
    {
      "identity" : "ios-branch-sdk-spm",
      "kind" : "remoteSourceControl",
      "location" : "https://github.com/BranchMetrics/ios-branch-sdk-spm",
      "state" : {
        "revision" : "eb4ce940b51b101dad771f755cb660586f45172f",
        "version" : "3.13.1"
      }
    }
  ],
  "version" : 2
}
