{
  "pins" : [
    {
      "identity" : "ios-branch-sdk-spm",
      "kind" : "remoteSourceControl",
      "location" : "https://github.com/BranchMetrics/ios-branch-sdk-spm",
      "state" : {
        "revision" : "0fc0c3e8df1e175e7d049b4497bed18cae0ffc24",
        "version" : "3.13.3"
      }
    }
  ],
  "version" : 2
}
